
Microsoft Visual Studio Solution File, Format Version 12.00
# Visual Studio Version 17
VisualStudioVersion = 17.4.33213.308
MinimumVisualStudioVersion = 10.0.40219.1
Project("{FAE04EC0-301F-11D3-BF4B-00C04F79EFBC}") = "PointQuadTree", "PointQuadTree\PointQuadTree.csproj", "{34BA2C5C-9FF5-48F3-8245-32DDBBDF2031}"
EndProject
Global
	GlobalSection(SolutionConfigurationPlatforms) = preSolution
		Debug|Any CPU = Debug|Any CPU
		Release|Any CPU = Release|Any CPU
	EndGlobalSection
	GlobalSection(ProjectConfigurationPlatforms) = postSolution
		{34BA2C5C-9FF5-48F3-8245-32DDBBDF2031}.Debug|Any CPU.ActiveCfg = Debug|Any CPU
		{34BA2C5C-9FF5-48F3-8245-32DDBBDF2031}.Debug|Any CPU.Build.0 = Debug|Any CPU
		{34BA2C5C-9FF5-48F3-8245-32DDBBDF2031}.Release|Any CPU.ActiveCfg = Release|Any CPU
		{34BA2C5C-9FF5-48F3-8245-32DDBBDF2031}.Release|Any CPU.Build.0 = Release|Any CPU
	EndGlobalSection
	GlobalSection(SolutionProperties) = preSolution
		HideSolutionNode = FALSE
	EndGlobalSection
	GlobalSection(ExtensibilityGlobals) = postSolution
		SolutionGuid = {75593E75-4406-4D6C-9140-9F1DB3463AFB}
	EndGlobalSection
EndGlobal
